
Microsoft Visual Studio Solution File, Format Version 12.00
# Visual Studio Version 17
VisualStudioVersion = 17.13.35825.156 d17.13
MinimumVisualStudioVersion = 10.0.40219.1
Project("{FAE04EC0-301F-11D3-BF4B-00C04F79EFBC}") = "DinhVanHoangDuy_2180609183_Web", "DinhVanHoangDuy_2180609183_Web.csproj", "{57AB09E4-5978-4F37-BD11-B8D4149B3ADC}"
EndProject
Global
	GlobalSection(SolutionConfigurationPlatforms) = preSolution
		Debug|Any CPU = Debug|Any CPU
		Release|Any CPU = Release|Any CPU
	EndGlobalSection
	GlobalSection(ProjectConfigurationPlatforms) = postSolution
		{57AB09E4-5978-4F37-BD11-B8D4149B3ADC}.Debug|Any CPU.ActiveCfg = Debug|Any CPU
		{57AB09E4-5978-4F37-BD11-B8D4149B3ADC}.Debug|Any CPU.Build.0 = Debug|Any CPU
		{57AB09E4-5978-4F37-BD11-B8D4149B3ADC}.Release|Any CPU.ActiveCfg = Release|Any CPU
		{57AB09E4-5978-4F37-BD11-B8D4149B3ADC}.Release|Any CPU.Build.0 = Release|Any CPU
	EndGlobalSection
	GlobalSection(SolutionProperties) = preSolution
		HideSolutionNode = FALSE
	EndGlobalSection
	GlobalSection(ExtensibilityGlobals) = postSolution
		SolutionGuid = {3C045FC8-F2A5-4213-99F8-858688D6B748}
	EndGlobalSection
EndGlobal
